
Microsoft Visual Studio Solution File, Format Version 12.00
# Visual Studio Version 17
VisualStudioVersion = 17.1.32210.238
MinimumVisualStudioVersion = 10.0.40219.1
Project("{FAE04EC0-301F-11D3-BF4B-00C04F79EFBC}") = "MiAPO", "MiAPO\MiAPO.csproj", "{2076A5CD-8D42-4B2F-ADCC-0AEE2A0F6F0E}"
EndProject
Global
	GlobalSection(SolutionConfigurationPlatforms) = preSolution
		Debug|Any CPU = Debug|Any CPU
		Release|Any CPU = Release|Any CPU
	EndGlobalSection
	GlobalSection(ProjectConfigurationPlatforms) = postSolution
		{2076A5CD-8D42-4B2F-ADCC-0AEE2A0F6F0E}.Debug|Any CPU.ActiveCfg = Debug|Any CPU
		{2076A5CD-8D42-4B2F-ADCC-0AEE2A0F6F0E}.Debug|Any CPU.Build.0 = Debug|Any CPU
		{2076A5CD-8D42-4B2F-ADCC-0AEE2A0F6F0E}.Release|Any CPU.ActiveCfg = Release|Any CPU
		{2076A5CD-8D42-4B2F-ADCC-0AEE2A0F6F0E}.Release|Any CPU.Build.0 = Release|Any CPU
	EndGlobalSection
	GlobalSection(SolutionProperties) = preSolution
		HideSolutionNode = FALSE
	EndGlobalSection
	GlobalSection(ExtensibilityGlobals) = postSolution
		SolutionGuid = {A4958623-1752-4904-93B7-6ED9B5CE2BEE}
	EndGlobalSection
EndGlobal
